
Microsoft Visual Studio Solution File, Format Version 12.00
# Visual Studio 2013
VisualStudioVersion = 12.0.31101.0
MinimumVisualStudioVersion = 10.0.40219.1
Project("{FAE04EC0-301F-11D3-BF4B-00C04F79EFBC}") = "Take_IT_Or_Leave_It", "Take_IT_Or_Leave_It\Take_IT_Or_Leave_It.csproj", "{370774E5-5ADD-4859-AF0C-AD8B1BD778F1}"
EndProject
Global
	GlobalSection(SolutionConfigurationPlatforms) = preSolution
		Debug|Any CPU = Debug|Any CPU
		Release|Any CPU = Release|Any CPU
	EndGlobalSection
	GlobalSection(ProjectConfigurationPlatforms) = postSolution
		{370774E5-5ADD-4859-AF0C-AD8B1BD778F1}.Debug|Any CPU.ActiveCfg = Debug|Any CPU
		{370774E5-5ADD-4859-AF0C-AD8B1BD778F1}.Debug|Any CPU.Build.0 = Debug|Any CPU
		{370774E5-5ADD-4859-AF0C-AD8B1BD778F1}.Release|Any CPU.ActiveCfg = Release|Any CPU
		{370774E5-5ADD-4859-AF0C-AD8B1BD778F1}.Release|Any CPU.Build.0 = Release|Any CPU
	EndGlobalSection
	GlobalSection(SolutionProperties) = preSolution
		HideSolutionNode = FALSE
	EndGlobalSection
EndGlobal
